<Solution>
  <Folder Name="/src/">
    <Project Path="src/MinecraftFirewall.Admin/MinecraftFirewall.Admin.csproj" />
    <Project Path="src/MinecraftFirewall.App/MinecraftFirewall.App.csproj" />
    <Project Path="src/MinecraftFirewall.Proxy/MinecraftFirewall.Proxy.csproj" />
  </Folder>
  <Folder Name="/tests/">
    <Project Path="tests/MinecraftFirewall.Tests/MinecraftFirewall.Tests.csproj" />
  </Folder>
  <Folder Name="/tools/">
    <Project Path="tools/MinecraftFirewall.ProtocolSpike/MinecraftFirewall.ProtocolSpike.csproj" />
  </Folder>
</Solution>
